
Microsoft Visual Studio Solution File, Format Version 12.00
# Visual Studio Version 17
VisualStudioVersion = 17.10.35013.160
MinimumVisualStudioVersion = 10.0.40219.1
Project("{9A19103F-16F7-4668-BE54-9A1E7A4F7556}") = "BulkyWeb", "BulkyWeb\BulkyWeb.csproj", "{FE780B40-AB60-42BA-B1AB-8A8B68B170B0}"
EndProject
Project("{9A19103F-16F7-4668-BE54-9A1E7A4F7556}") = "BulkyWebRazor", "BulkyWebRazor\BulkyWebRazor.csproj", "{E2E61850-F2BD-4BCB-AC32-D1E2089FC4FD}"
EndProject
Global
	GlobalSection(SolutionConfigurationPlatforms) = preSolution
		Debug|Any CPU = Debug|Any CPU
		Release|Any CPU = Release|Any CPU
	EndGlobalSection
	GlobalSection(ProjectConfigurationPlatforms) = postSolution
		{FE780B40-AB60-42BA-B1AB-8A8B68B170B0}.Debug|Any CPU.ActiveCfg = Debug|Any CPU
		{FE780B40-AB60-42BA-B1AB-8A8B68B170B0}.Debug|Any CPU.Build.0 = Debug|Any CPU
		{FE780B40-AB60-42BA-B1AB-8A8B68B170B0}.Release|Any CPU.ActiveCfg = Release|Any CPU
		{FE780B40-AB60-42BA-B1AB-8A8B68B170B0}.Release|Any CPU.Build.0 = Release|Any CPU
		{E2E61850-F2BD-4BCB-AC32-D1E2089FC4FD}.Debug|Any CPU.ActiveCfg = Debug|Any CPU
		{E2E61850-F2BD-4BCB-AC32-D1E2089FC4FD}.Debug|Any CPU.Build.0 = Debug|Any CPU
		{E2E61850-F2BD-4BCB-AC32-D1E2089FC4FD}.Release|Any CPU.ActiveCfg = Release|Any CPU
		{E2E61850-F2BD-4BCB-AC32-D1E2089FC4FD}.Release|Any CPU.Build.0 = Release|Any CPU
	EndGlobalSection
	GlobalSection(SolutionProperties) = preSolution
		HideSolutionNode = FALSE
	EndGlobalSection
	GlobalSection(ExtensibilityGlobals) = postSolution
		SolutionGuid = {39E87631-67E4-4906-A5F6-989244C51B17}
	EndGlobalSection
EndGlobal
